
Microsoft Visual Studio Solution File, Format Version 12.00
# Visual Studio Version 17
VisualStudioVersion = 17.11.35312.102
MinimumVisualStudioVersion = 10.0.40219.1
Project("{9A19103F-16F7-4668-BE54-9A1E7A4F7556}") = "School_Managemet_Repository", "School_Managemet\School_Managemet_Repository.csproj", "{DF6BE059-2ED3-4C59-92DA-73CE6BEC7D4C}"
EndProject
Project("{9A19103F-16F7-4668-BE54-9A1E7A4F7556}") = "Test_Layer", "Test_Layer\Test_Layer.csproj", "{BE88A905-E5BA-49C0-82B0-A65F0D6A692F}"
EndProject
Project("{9A19103F-16F7-4668-BE54-9A1E7A4F7556}") = "School_Management_Services", "School_Management_Services\School_Management_Services.csproj", "{EEFB3B1A-D033-4870-AF16-995F60A92906}"
EndProject
Project("{9A19103F-16F7-4668-BE54-9A1E7A4F7556}") = "School_Management_Controller", "School_Management_Controller\School_Management_Controller.csproj", "{A01FDB48-0E05-4A77-84EA-972CA0574C4F}"
EndProject
Project("{9A19103F-16F7-4668-BE54-9A1E7A4F7556}") = "School_Management_Domain", "Domain\School_Management_Domain.csproj", "{DF869C7A-0005-41E9-8ECB-5605417181A6}"
EndProject
Global
	GlobalSection(SolutionConfigurationPlatforms) = preSolution
		Debug|Any CPU = Debug|Any CPU
		Debug|x64 = Debug|x64
		Debug|x86 = Debug|x86
		Release|Any CPU = Release|Any CPU
		Release|x64 = Release|x64
		Release|x86 = Release|x86
	EndGlobalSection
	GlobalSection(ProjectConfigurationPlatforms) = postSolution
		{DF6BE059-2ED3-4C59-92DA-73CE6BEC7D4C}.Debug|Any CPU.ActiveCfg = Debug|Any CPU
		{DF6BE059-2ED3-4C59-92DA-73CE6BEC7D4C}.Debug|Any CPU.Build.0 = Debug|Any CPU
		{DF6BE059-2ED3-4C59-92DA-73CE6BEC7D4C}.Debug|x64.ActiveCfg = Debug|Any CPU
		{DF6BE059-2ED3-4C59-92DA-73CE6BEC7D4C}.Debug|x64.Build.0 = Debug|Any CPU
		{DF6BE059-2ED3-4C59-92DA-73CE6BEC7D4C}.Debug|x86.ActiveCfg = Debug|Any CPU
		{DF6BE059-2ED3-4C59-92DA-73CE6BEC7D4C}.Debug|x86.Build.0 = Debug|Any CPU
		{DF6BE059-2ED3-4C59-92DA-73CE6BEC7D4C}.Release|Any CPU.ActiveCfg = Release|Any CPU
		{DF6BE059-2ED3-4C59-92DA-73CE6BEC7D4C}.Release|Any CPU.Build.0 = Release|Any CPU
		{DF6BE059-2ED3-4C59-92DA-73CE6BEC7D4C}.Release|x64.ActiveCfg = Release|Any CPU
		{DF6BE059-2ED3-4C59-92DA-73CE6BEC7D4C}.Release|x64.Build.0 = Release|Any CPU
		{DF6BE059-2ED3-4C59-92DA-73CE6BEC7D4C}.Release|x86.ActiveCfg = Release|Any CPU
		{DF6BE059-2ED3-4C59-92DA-73CE6BEC7D4C}.Release|x86.Build.0 = Release|Any CPU
		{BE88A905-E5BA-49C0-82B0-A65F0D6A692F}.Debug|Any CPU.ActiveCfg = Debug|Any CPU
		{BE88A905-E5BA-49C0-82B0-A65F0D6A692F}.Debug|Any CPU.Build.0 = Debug|Any CPU
		{BE88A905-E5BA-49C0-82B0-A65F0D6A692F}.Debug|x64.ActiveCfg = Debug|Any CPU
		{BE88A905-E5BA-49C0-82B0-A65F0D6A692F}.Debug|x64.Build.0 = Debug|Any CPU
		{BE88A905-E5BA-49C0-82B0-A65F0D6A692F}.Debug|x86.ActiveCfg = Debug|Any CPU
		{BE88A905-E5BA-49C0-82B0-A65F0D6A692F}.Debug|x86.Build.0 = Debug|Any CPU
		{BE88A905-E5BA-49C0-82B0-A65F0D6A692F}.Release|Any CPU.ActiveCfg = Release|Any CPU
		{BE88A905-E5BA-49C0-82B0-A65F0D6A692F}.Release|Any CPU.Build.0 = Release|Any CPU
		{BE88A905-E5BA-49C0-82B0-A65F0D6A692F}.Release|x64.ActiveCfg = Release|Any CPU
		{BE88A905-E5BA-49C0-82B0-A65F0D6A692F}.Release|x64.Build.0 = Release|Any CPU
		{BE88A905-E5BA-49C0-82B0-A65F0D6A692F}.Release|x86.ActiveCfg = Release|Any CPU
		{BE88A905-E5BA-49C0-82B0-A65F0D6A692F}.Release|x86.Build.0 = Release|Any CPU
		{EEFB3B1A-D033-4870-AF16-995F60A92906}.Debug|Any CPU.ActiveCfg = Debug|Any CPU
		{EEFB3B1A-D033-4870-AF16-995F60A92906}.Debug|Any CPU.Build.0 = Debug|Any CPU
		{EEFB3B1A-D033-4870-AF16-995F60A92906}.Debug|x64.ActiveCfg = Debug|Any CPU
		{EEFB3B1A-D033-4870-AF16-995F60A92906}.Debug|x64.Build.0 = Debug|Any CPU
		{EEFB3B1A-D033-4870-AF16-995F60A92906}.Debug|x86.ActiveCfg = Debug|Any CPU
		{EEFB3B1A-D033-4870-AF16-995F60A92906}.Debug|x86.Build.0 = Debug|Any CPU
		{EEFB3B1A-D033-4870-AF16-995F60A92906}.Release|Any CPU.ActiveCfg = Release|Any CPU
		{EEFB3B1A-D033-4870-AF16-995F60A92906}.Release|Any CPU.Build.0 = Release|Any CPU
		{EEFB3B1A-D033-4870-AF16-995F60A92906}.Release|x64.ActiveCfg = Release|Any CPU
		{EEFB3B1A-D033-4870-AF16-995F60A92906}.Release|x64.Build.0 = Release|Any CPU
		{EEFB3B1A-D033-4870-AF16-995F60A92906}.Release|x86.ActiveCfg = Release|Any CPU
		{EEFB3B1A-D033-4870-AF16-995F60A92906}.Release|x86.Build.0 = Release|Any CPU
		{A01FDB48-0E05-4A77-84EA-972CA0574C4F}.Debug|Any CPU.ActiveCfg = Debug|Any CPU
		{A01FDB48-0E05-4A77-84EA-972CA0574C4F}.Debug|Any CPU.Build.0 = Debug|Any CPU
		{A01FDB48-0E05-4A77-84EA-972CA0574C4F}.Debug|x64.ActiveCfg = Debug|Any CPU
		{A01FDB48-0E05-4A77-84EA-972CA0574C4F}.Debug|x64.Build.0 = Debug|Any CPU
		{A01FDB48-0E05-4A77-84EA-972CA0574C4F}.Debug|x86.ActiveCfg = Debug|Any CPU
		{A01FDB48-0E05-4A77-84EA-972CA0574C4F}.Debug|x86.Build.0 = Debug|Any CPU
		{A01FDB48-0E05-4A77-84EA-972CA0574C4F}.Release|Any CPU.ActiveCfg = Release|Any CPU
		{A01FDB48-0E05-4A77-84EA-972CA0574C4F}.Release|Any CPU.Build.0 = Release|Any CPU
		{A01FDB48-0E05-4A77-84EA-972CA0574C4F}.Release|x64.ActiveCfg = Release|Any CPU
		{A01FDB48-0E05-4A77-84EA-972CA0574C4F}.Release|x64.Build.0 = Release|Any CPU
		{A01FDB48-0E05-4A77-84EA-972CA0574C4F}.Release|x86.ActiveCfg = Release|Any CPU
		{A01FDB48-0E05-4A77-84EA-972CA0574C4F}.Release|x86.Build.0 = Release|Any CPU
		{DF869C7A-0005-41E9-8ECB-5605417181A6}.Debug|Any CPU.ActiveCfg = Debug|Any CPU
		{DF869C7A-0005-41E9-8ECB-5605417181A6}.Debug|Any CPU.Build.0 = Debug|Any CPU
		{DF869C7A-0005-41E9-8ECB-5605417181A6}.Debug|x64.ActiveCfg = Debug|Any CPU
		{DF869C7A-0005-41E9-8ECB-5605417181A6}.Debug|x64.Build.0 = Debug|Any CPU
		{DF869C7A-0005-41E9-8ECB-5605417181A6}.Debug|x86.ActiveCfg = Debug|Any CPU
		{DF869C7A-0005-41E9-8ECB-5605417181A6}.Debug|x86.Build.0 = Debug|Any CPU
		{DF869C7A-0005-41E9-8ECB-5605417181A6}.Release|Any CPU.ActiveCfg = Release|Any CPU
		{DF869C7A-0005-41E9-8ECB-5605417181A6}.Release|Any CPU.Build.0 = Release|Any CPU
		{DF869C7A-0005-41E9-8ECB-5605417181A6}.Release|x64.ActiveCfg = Release|Any CPU
		{DF869C7A-0005-41E9-8ECB-5605417181A6}.Release|x64.Build.0 = Release|Any CPU
		{DF869C7A-0005-41E9-8ECB-5605417181A6}.Release|x86.ActiveCfg = Release|Any CPU
		{DF869C7A-0005-41E9-8ECB-5605417181A6}.Release|x86.Build.0 = Release|Any CPU
	EndGlobalSection
	GlobalSection(SolutionProperties) = preSolution
		HideSolutionNode = FALSE
	EndGlobalSection
	GlobalSection(ExtensibilityGlobals) = postSolution
		SolutionGuid = {592CA64F-D9C2-4F06-AC71-D9846F061F80}
	EndGlobalSection
EndGlobal
